// !$*UTF8*$!
{
	archiveVersion = 1;
	classes = {
	};
	objectVersion = 46;
	objects = {

/* Begin PBXBuildFile section */
		7BA28FCF1DFF447200772917 /* GridLayout.swift in Sources */ = {isa = PBXBuildFile; fileRef = 7BA28FCE1DFF447200772917 /* GridLayout.swift */; };
		7BA28FD11DFF62CD00772917 /* ImageCell.swift in Sources */ = {isa = PBXBuildFile; fileRef = 7BA28FD01DFF62CD00772917 /* ImageCell.swift */; };
		7BCF71AB1DFF2D6800D11CE1 /* GridVC.swift in Sources */ = {isa = PBXBuildFile; fileRef = 7BCF71AA1DFF2D6800D11CE1 /* GridVC.swift */; };
		7BDBE7FB1DFE6186000D39AF /* Assets.xcassets in Resources */ = {isa = PBXBuildFile; fileRef = 7BDBE7FA1DFE6186000D39AF /* Assets.xcassets */; };
		7BDBE8021DFE6187000D39AF /* MessagesExtension.appex in Embed App Extensions */ = {isa = PBXBuildFile; fileRef = 7BDBE8011DFE6187000D39AF /* MessagesExtension.appex */; settings = {ATTRIBUTES = (RemoveHeadersOnCopy, ); }; };
		7BDBE8071DFE6187000D39AF /* Messages.framework in Frameworks */ = {isa = PBXBuildFile; fileRef = 7BDBE8061DFE6187000D39AF /* Messages.framework */; };
		7BDBE80A1DFE6187000D39AF /* PetVC.swift in Sources */ = {isa = PBXBuildFile; fileRef = 7BDBE8091DFE6187000D39AF /* PetVC.swift */; };
		7BDBE80D1DFE6187000D39AF /* MainInterface.storyboard in Resources */ = {isa = PBXBuildFile; fileRef = 7BDBE80B1DFE6187000D39AF /* MainInterface.storyboard */; };
		7BDBE80F1DFE6187000D39AF /* Assets.xcassets in Resources */ = {isa = PBXBuildFile; fileRef = 7BDBE80E1DFE6187000D39AF /* Assets.xcassets */; };
/* End PBXBuildFile section */

/* Begin PBXContainerItemProxy section */
		7BDBE8031DFE6187000D39AF /* PBXContainerItemProxy */ = {
			isa = PBXContainerItemProxy;
			containerPortal = 7BDBE7F11DFE6186000D39AF /* Project object */;
			proxyType = 1;
			remoteGlobalIDString = 7BDBE8001DFE6187000D39AF;
			remoteInfo = MessagesExtension;
		};
/* End PBXContainerItemProxy section */

/* Begin PBXCopyFilesBuildPhase section */
		7BDBE8161DFE6187000D39AF /* Embed App Extensions */ = {
			isa = PBXCopyFilesBuildPhase;
			buildActionMask = 2147483647;
			dstPath = "";
			dstSubfolderSpec = 13;
			files = (
				7BDBE8021DFE6187000D39AF /* MessagesExtension.appex in Embed App Extensions */,
			);
			name = "Embed App Extensions";
			runOnlyForDeploymentPostprocessing = 0;
		};
/* End PBXCopyFilesBuildPhase section */

/* Begin PBXFileReference section */
		7BA28FCE1DFF447200772917 /* GridLayout.swift */ = {isa = PBXFileReference; fileEncoding = 4; lastKnownFileType = sourcecode.swift; path = GridLayout.swift; sourceTree = "<group>"; };
		7BA28FD01DFF62CD00772917 /* ImageCell.swift */ = {isa = PBXFileReference; fileEncoding = 4; lastKnownFileType = sourcecode.swift; path = ImageCell.swift; sourceTree = "<group>"; };
		7BCF71AA1DFF2D6800D11CE1 /* GridVC.swift */ = {isa = PBXFileReference; fileEncoding = 4; lastKnownFileType = sourcecode.swift; path = GridVC.swift; sourceTree = "<group>"; };
		7BDBE7F71DFE6186000D39AF /* PetMessageApp.app */ = {isa = PBXFileReference; explicitFileType = wrapper.application; includeInIndex = 0; path = PetMessageApp.app; sourceTree = BUILT_PRODUCTS_DIR; };
		7BDBE7FA1DFE6186000D39AF /* Assets.xcassets */ = {isa = PBXFileReference; lastKnownFileType = folder.assetcatalog; path = Assets.xcassets; sourceTree = "<group>"; };
		7BDBE7FC1DFE6186000D39AF /* Info.plist */ = {isa = PBXFileReference; lastKnownFileType = text.plist.xml; path = Info.plist; sourceTree = "<group>"; };
		7BDBE8011DFE6187000D39AF /* MessagesExtension.appex */ = {isa = PBXFileReference; explicitFileType = "wrapper.app-extension"; includeInIndex = 0; path = MessagesExtension.appex; sourceTree = BUILT_PRODUCTS_DIR; };
		7BDBE8061DFE6187000D39AF /* Messages.framework */ = {isa = PBXFileReference; lastKnownFileType = wrapper.framework; name = Messages.framework; path = System/Library/Frameworks/Messages.framework; sourceTree = SDKROOT; };
		7BDBE8091DFE6187000D39AF /* PetVC.swift */ = {isa = PBXFileReference; lastKnownFileType = sourcecode.swift; path = PetVC.swift; sourceTree = "<group>"; };
		7BDBE80C1DFE6187000D39AF /* Base */ = {isa = PBXFileReference; lastKnownFileType = file.storyboard; name = Base; path = Base.lproj/MainInterface.storyboard; sourceTree = "<group>"; };
		7BDBE80E1DFE6187000D39AF /* Assets.xcassets */ = {isa = PBXFileReference; lastKnownFileType = folder.assetcatalog; path = Assets.xcassets; sourceTree = "<group>"; };
		7BDBE8101DFE6187000D39AF /* Info.plist */ = {isa = PBXFileReference; lastKnownFileType = text.plist.xml; path = Info.plist; sourceTree = "<group>"; };
/* End PBXFileReference section */

/* Begin PBXFrameworksBuildPhase section */
		7BDBE7FE1DFE6187000D39AF /* Frameworks */ = {
			isa = PBXFrameworksBuildPhase;
			buildActionMask = 2147483647;
			files = (
				7BDBE8071DFE6187000D39AF /* Messages.framework in Frameworks */,
			);
			runOnlyForDeploymentPostprocessing = 0;
		};
/* End PBXFrameworksBuildPhase section */

/* Begin PBXGroup section */
		7BDBE7F01DFE6186000D39AF = {
			isa = PBXGroup;
			children = (
				7BDBE7F91DFE6186000D39AF /* PetMessageApp */,
				7BDBE8081DFE6187000D39AF /* MessagesExtension */,
				7BDBE8051DFE6187000D39AF /* Frameworks */,
				7BDBE7F81DFE6186000D39AF /* Products */,
			);
			sourceTree = "<group>";
		};
		7BDBE7F81DFE6186000D39AF /* Products */ = {
			isa = PBXGroup;
			children = (
				7BDBE7F71DFE6186000D39AF /* PetMessageApp.app */,
				7BDBE8011DFE6187000D39AF /* MessagesExtension.appex */,
			);
			name = Products;
			sourceTree = "<group>";
		};
		7BDBE7F91DFE6186000D39AF /* PetMessageApp */ = {
			isa = PBXGroup;
			children = (
				7BDBE7FA1DFE6186000D39AF /* Assets.xcassets */,
				7BDBE7FC1DFE6186000D39AF /* Info.plist */,
			);
			path = PetMessageApp;
			sourceTree = "<group>";
		};
		7BDBE8051DFE6187000D39AF /* Frameworks */ = {
			isa = PBXGroup;
			children = (
				7BDBE8061DFE6187000D39AF /* Messages.framework */,
			);
			name = Frameworks;
			sourceTree = "<group>";
		};
		7BDBE8081DFE6187000D39AF /* MessagesExtension */ = {
			isa = PBXGroup;
			children = (
				7BDBE8091DFE6187000D39AF /* PetVC.swift */,
				7BCF71AA1DFF2D6800D11CE1 /* GridVC.swift */,
				7BA28FCE1DFF447200772917 /* GridLayout.swift */,
				7BDBE80B1DFE6187000D39AF /* MainInterface.storyboard */,
				7BA28FD01DFF62CD00772917 /* ImageCell.swift */,
				7BDBE80E1DFE6187000D39AF /* Assets.xcassets */,
				7BDBE8101DFE6187000D39AF /* Info.plist */,
			);
			path = MessagesExtension;
			sourceTree = "<group>";
		};
/* End PBXGroup section */

/* Begin PBXNativeTarget section */
		7BDBE7F61DFE6186000D39AF /* PetMessageApp */ = {
			isa = PBXNativeTarget;
			buildConfigurationList = 7BDBE8171DFE6187000D39AF /* Build configuration list for PBXNativeTarget "PetMessageApp" */;
			buildPhases = (
				7BDBE7F51DFE6186000D39AF /* Resources */,
				7BDBE8161DFE6187000D39AF /* Embed App Extensions */,
			);
			buildRules = (
			);
			dependencies = (
				7BDBE8041DFE6187000D39AF /* PBXTargetDependency */,
			);
			name = PetMessageApp;
			productName = PetMessageApp;
			productReference = 7BDBE7F71DFE6186000D39AF /* PetMessageApp.app */;
			productType = "com.apple.product-type.application.messages";
		};
		7BDBE8001DFE6187000D39AF /* MessagesExtension */ = {
			isa = PBXNativeTarget;
			buildConfigurationList = 7BDBE8131DFE6187000D39AF /* Build configuration list for PBXNativeTarget "MessagesExtension" */;
			buildPhases = (
				7BDBE7FD1DFE6187000D39AF /* Sources */,
				7BDBE7FE1DFE6187000D39AF /* Frameworks */,
				7BDBE7FF1DFE6187000D39AF /* Resources */,
			);
			buildRules = (
			);
			dependencies = (
			);
			name = MessagesExtension;
			productName = MessagesExtension;
			productReference = 7BDBE8011DFE6187000D39AF /* MessagesExtension.appex */;
			productType = "com.apple.product-type.app-extension.messages";
		};
/* End PBXNativeTarget section */

/* Begin PBXProject section */
		7BDBE7F11DFE6186000D39AF /* Project object */ = {
			isa = PBXProject;
			attributes = {
				LastSwiftUpdateCheck = 0810;
				LastUpgradeCheck = 0810;
				ORGANIZATIONNAME = "James Rochabrun";
				TargetAttributes = {
					7BDBE7F61DFE6186000D39AF = {
						CreatedOnToolsVersion = 8.1;
						DevelopmentTeam = ULU46F325W;
						ProvisioningStyle = Automatic;
					};
					7BDBE8001DFE6187000D39AF = {
						CreatedOnToolsVersion = 8.1;
						DevelopmentTeam = ULU46F325W;
						ProvisioningStyle = Automatic;
					};
				};
			};
			buildConfigurationList = 7BDBE7F41DFE6186000D39AF /* Build configuration list for PBXProject "PetMessageApp" */;
			compatibilityVersion = "Xcode 3.2";
			developmentRegion = English;
			hasScannedForEncodings = 0;
			knownRegions = (
				en,
				Base,
			);
			mainGroup = 7BDBE7F01DFE6186000D39AF;
			productRefGroup = 7BDBE7F81DFE6186000D39AF /* Products */;
			projectDirPath = "";
			projectRoot = "";
			targets = (
				7BDBE7F61DFE6186000D39AF /* PetMessageApp */,
				7BDBE8001DFE6187000D39AF /* MessagesExtension */,
			);
		};
/* End PBXProject section */

/* Begin PBXResourcesBuildPhase section */
		7BDBE7F51DFE6186000D39AF /* Resources */ = {
			isa = PBXResourcesBuildPhase;
			buildActionMask = 2147483647;
			files = (
				7BDBE7FB1DFE6186000D39AF /* Assets.xcassets in Resources */,
			);
			runOnlyForDeploymentPostprocessing = 0;
		};
		7BDBE7FF1DFE6187000D39AF /* Resources */ = {
			isa = PBXResourcesBuildPhase;
			buildActionMask = 2147483647;
			files = (
				7BDBE80F1DFE6187000D39AF /* Assets.xcassets in Resources */,
				7BDBE80D1DFE6187000D39AF /* MainInterface.storyboard in Resources */,
			);
			runOnlyForDeploymentPostprocessing = 0;
		};
/* End PBXResourcesBuildPhase section */

/* Begin PBXSourcesBuildPhase section */
		7BDBE7FD1DFE6187000D39AF /* Sources */ = {
			isa = PBXSourcesBuildPhase;
			buildActionMask = 2147483647;
			files = (
				7BA28FCF1DFF447200772917 /* GridLayout.swift in Sources */,
				7BA28FD11DFF62CD00772917 /* ImageCell.swift in Sources */,
				7BCF71AB1DFF2D6800D11CE1 /* GridVC.swift in Sources */,
				7BDBE80A1DFE6187000D39AF /* PetVC.swift in Sources */,
			);
			runOnlyForDeploymentPostprocessing = 0;
		};
/* End PBXSourcesBuildPhase section */

/* Begin PBXTargetDependency section */
		7BDBE8041DFE6187000D39AF /* PBXTargetDependency */ = {
			isa = PBXTargetDependency;
			target = 7BDBE8001DFE6187000D39AF /* MessagesExtension */;
			targetProxy = 7BDBE8031DFE6187000D39AF /* PBXContainerItemProxy */;
		};
/* End PBXTargetDependency section */

/* Begin PBXVariantGroup section */
		7BDBE80B1DFE6187000D39AF /* MainInterface.storyboard */ = {
			isa = PBXVariantGroup;
			children = (
				7BDBE80C1DFE6187000D39AF /* Base */,
			);
			name = MainInterface.storyboard;
			sourceTree = "<group>";
		};
/* End PBXVariantGroup section */

/* Begin XCBuildConfiguration section */
		7BDBE8111DFE6187000D39AF /* Debug */ = {
			isa = XCBuildConfiguration;
			buildSettings = {
				ALWAYS_SEARCH_USER_PATHS = NO;
				CLANG_ANALYZER_NONNULL = YES;
				CLANG_CXX_LANGUAGE_STANDARD = "gnu++0x";
				CLANG_CXX_LIBRARY = "libc++";
				CLANG_ENABLE_MODULES = YES;
				CLANG_ENABLE_OBJC_ARC = YES;
				CLANG_WARN_BOOL_CONVERSION = YES;
				CLANG_WARN_CONSTANT_CONVERSION = YES;
				CLANG_WARN_DIRECT_OBJC_ISA_USAGE = YES_ERROR;
				CLANG_WARN_DOCUMENTATION_COMMENTS = YES;
				CLANG_WARN_EMPTY_BODY = YES;
				CLANG_WARN_ENUM_CONVERSION = YES;
				CLANG_WARN_INFINITE_RECURSION = YES;
				CLANG_WARN_INT_CONVERSION = YES;
				CLANG_WARN_OBJC_ROOT_CLASS = YES_ERROR;
				CLANG_WARN_SUSPICIOUS_MOVES = YES;
				CLANG_WARN_UNREACHABLE_CODE = YES;
				CLANG_WARN__DUPLICATE_METHOD_MATCH = YES;
				"CODE_SIGN_IDENTITY[sdk=iphoneos*]" = "iPhone Developer";
				COPY_PHASE_STRIP = NO;
				DEBUG_INFORMATION_FORMAT = dwarf;
				ENABLE_STRICT_OBJC_MSGSEND = YES;
				ENABLE_TESTABILITY = YES;
				GCC_C_LANGUAGE_STANDARD = gnu99;
				GCC_DYNAMIC_NO_PIC = NO;
				GCC_NO_COMMON_BLOCKS = YES;
				GCC_OPTIMIZATION_LEVEL = 0;
				GCC_PREPROCESSOR_DEFINITIONS = (
					"DEBUG=1",
					"$(inherited)",
				);
				GCC_WARN_64_TO_32_BIT_CONVERSION = YES;
				GCC_WARN_ABOUT_RETURN_TYPE = YES_ERROR;
				GCC_WARN_UNDECLARED_SELECTOR = YES;
				GCC_WARN_UNINITIALIZED_AUTOS = YES_AGGRESSIVE;
				GCC_WARN_UNUSED_FUNCTION = YES;
				GCC_WARN_UNUSED_VARIABLE = YES;
				IPHONEOS_DEPLOYMENT_TARGET = 10.1;
				MTL_ENABLE_DEBUG_INFO = YES;
				ONLY_ACTIVE_ARCH = YES;
				SDKROOT = iphoneos;
				SWIFT_ACTIVE_COMPILATION_CONDITIONS = DEBUG;
				SWIFT_OPTIMIZATION_LEVEL = "-Onone";
				TARGETED_DEVICE_FAMILY = "1,2";
			};
			name = Debug;
		};
		7BDBE8121DFE6187000D39AF /* Release */ = {
			isa = XCBuildConfiguration;
			buildSettings = {
				ALWAYS_SEARCH_USER_PATHS = NO;
				CLANG_ANALYZER_NONNULL = YES;
				CLANG_CXX_LANGUAGE_STANDARD = "gnu++0x";
				CLANG_CXX_LIBRARY = "libc++";
				CLANG_ENABLE_MODULES = YES;
				CLANG_ENABLE_OBJC_ARC = YES;
				CLANG_WARN_BOOL_CONVERSION = YES;
				CLANG_WARN_CONSTANT_CONVERSION = YES;
				CLANG_WARN_DIRECT_OBJC_ISA_USAGE = YES_ERROR;
				CLANG_WARN_DOCUMENTATION_COMMENTS = YES;
				CLANG_WARN_EMPTY_BODY = YES;
				CLANG_WARN_ENUM_CONVERSION = YES;
				CLANG_WARN_INFINITE_RECURSION = YES;
				CLANG_WARN_INT_CONVERSION = YES;
				CLANG_WARN_OBJC_ROOT_CLASS = YES_ERROR;
				CLANG_WARN_SUSPICIOUS_MOVES = YES;
				CLANG_WARN_UNREACHABLE_CODE = YES;
				CLANG_WARN__DUPLICATE_METHOD_MATCH = YES;
				"CODE_SIGN_IDENTITY[sdk=iphoneos*]" = "iPhone Developer";
				COPY_PHASE_STRIP = NO;
				DEBUG_INFORMATION_FORMAT = "dwarf-with-dsym";
				ENABLE_NS_ASSERTIONS = NO;
				ENABLE_STRICT_OBJC_MSGSEND = YES;
				GCC_C_LANGUAGE_STANDARD = gnu99;
				GCC_NO_COMMON_BLOCKS = YES;
				GCC_WARN_64_TO_32_BIT_CONVERSION = YES;
				GCC_WARN_ABOUT_RETURN_TYPE = YES_ERROR;
				GCC_WARN_UNDECLARED_SELECTOR = YES;
				GCC_WARN_UNINITIALIZED_AUTOS = YES_AGGRESSIVE;
				GCC_WARN_UNUSED_FUNCTION = YES;
				GCC_WARN_UNUSED_VARIABLE = YES;
				IPHONEOS_DEPLOYMENT_TARGET = 10.1;
				MTL_ENABLE_DEBUG_INFO = NO;
				SDKROOT = iphoneos;
				SWIFT_OPTIMIZATION_LEVEL = "-Owholemodule";
				TARGETED_DEVICE_FAMILY = "1,2";
				VALIDATE_PRODUCT = YES;
			};
			name = Release;
		};
		7BDBE8141DFE6187000D39AF /* Debug */ = {
			isa = XCBuildConfiguration;
			buildSettings = {
				ASSETCATALOG_COMPILER_APPICON_NAME = "iMessage App Icon";
				DEVELOPMENT_TEAM = ULU46F325W;
				INFOPLIST_FILE = MessagesExtension/Info.plist;
				LD_RUNPATH_SEARCH_PATHS = "$(inherited) @executable_path/Frameworks @executable_path/../../Frameworks";
				PRODUCT_BUNDLE_IDENTIFIER = com.speedelo.PetMessageApp.MessagesExtension;
				PRODUCT_NAME = "$(TARGET_NAME)";
				SKIP_INSTALL = YES;
				SWIFT_VERSION = 3.0;
			};
			name = Debug;
		};
		7BDBE8151DFE6187000D39AF /* Release */ = {
			isa = XCBuildConfiguration;
			buildSettings = {
				ASSETCATALOG_COMPILER_APPICON_NAME = "iMessage App Icon";
				DEVELOPMENT_TEAM = ULU46F325W;
				INFOPLIST_FILE = MessagesExtension/Info.plist;
				LD_RUNPATH_SEARCH_PATHS = "$(inherited) @executable_path/Frameworks @executable_path/../../Frameworks";
				PRODUCT_BUNDLE_IDENTIFIER = com.speedelo.PetMessageApp.MessagesExtension;
				PRODUCT_NAME = "$(TARGET_NAME)";
				SKIP_INSTALL = YES;
				SWIFT_VERSION = 3.0;
			};
			name = Release;
		};
		7BDBE8181DFE6187000D39AF /* Debug */ = {
			isa = XCBuildConfiguration;
			buildSettings = {
				ALWAYS_EMBED_SWIFT_STANDARD_LIBRARIES = YES;
				ASSETCATALOG_COMPILER_APPICON_NAME = AppIcon;
				DEVELOPMENT_TEAM = ULU46F325W;
				INFOPLIST_FILE = PetMessageApp/Info.plist;
				PRODUCT_BUNDLE_IDENTIFIER = com.speedelo.PetMessageApp;
				PRODUCT_NAME = "$(TARGET_NAME)";
				SWIFT_VERSION = 3.0;
			};
			name = Debug;
		};
		7BDBE8191DFE6187000D39AF /* Release */ = {
			isa = XCBuildConfiguration;
			buildSettings = {
				ALWAYS_EMBED_SWIFT_STANDARD_LIBRARIES = YES;
				ASSETCATALOG_COMPILER_APPICON_NAME = AppIcon;
				DEVELOPMENT_TEAM = ULU46F325W;
				INFOPLIST_FILE = PetMessageApp/Info.plist;
				PRODUCT_BUNDLE_IDENTIFIER = com.speedelo.PetMessageApp;
				PRODUCT_NAME = "$(TARGET_NAME)";
				SWIFT_VERSION = 3.0;
			};
			name = Release;
		};
/* End XCBuildConfiguration section */

/* Begin XCConfigurationList section */
		7BDBE7F41DFE6186000D39AF /* Build configuration list for PBXProject "PetMessageApp" */ = {
			isa = XCConfigurationList;
			buildConfigurations = (
				7BDBE8111DFE6187000D39AF /* Debug */,
				7BDBE8121DFE6187000D39AF /* Release */,
			);
			defaultConfigurationIsVisible = 0;
			defaultConfigurationName = Release;
		};
		7BDBE8131DFE6187000D39AF /* Build configuration list for PBXNativeTarget "MessagesExtension" */ = {
			isa = XCConfigurationList;
			buildConfigurations = (
				7BDBE8141DFE6187000D39AF /* Debug */,
				7BDBE8151DFE6187000D39AF /* Release */,
			);
			defaultConfigurationIsVisible = 0;
			defaultConfigurationName = Release;
		};
		7BDBE8171DFE6187000D39AF /* Build configuration list for PBXNativeTarget "PetMessageApp" */ = {
			isa = XCConfigurationList;
			buildConfigurations = (
				7BDBE8181DFE6187000D39AF /* Debug */,
				7BDBE8191DFE6187000D39AF /* Release */,
			);
			defaultConfigurationIsVisible = 0;
			defaultConfigurationName = Release;
		};
/* End XCConfigurationList section */
	};
	rootObject = 7BDBE7F11DFE6186000D39AF /* Project object */;
}
